Microsoft Visual Studio Solution File, Format Version 12.00
# Visual Studio Version 17
Project("{9A19103F-16F7-4668-BE54-9A1E7A4F7556}") = "OpenAvP2.LithTech.Rez", "src\LithTech\Rez\OpenAvP2.LithTech.Rez.csproj", "{DE906183-99FE-532F-95CB-C59DF57A3E77}"
EndProject
Project("{9A19103F-16F7-4668-BE54-9A1E7A4F7556}") = "OpenAvP2.LithTech.Dat", "src\LithTech\Dat\OpenAvP2.LithTech.Dat.csproj", "{52661CCD-4BC0-5E17-BF1F-4734C18409EE}"
EndProject
Project("{9A19103F-16F7-4668-BE54-9A1E7A4F7556}") = "OpenAvP2.LithTech.Dtx", "src\LithTech\Dtx\OpenAvP2.LithTech.Dtx.csproj", "{5F997ADF-E750-5E47-88E5-82BBC15D5118}"
EndProject
Project("{9A19103F-16F7-4668-BE54-9A1E7A4F7556}") = "OpenAvP2.LithTech.Abc", "src\LithTech\Abc\OpenAvP2.LithTech.Abc.csproj", "{2BB17E80-AB9F-5749-8852-51508DCCA3AE}"
EndProject
Project("{9A19103F-16F7-4668-BE54-9A1E7A4F7556}") = "OpenAvP2.LithTech.World", "src\LithTech\World\OpenAvP2.LithTech.World.csproj", "{D0BEBD3B-585F-58EA-ADAA-D2C8EEDBCCFF}"
EndProject
Project("{9A19103F-16F7-4668-BE54-9A1E7A4F7556}") = "OpenAvP2.LithTech.Entities", "src\LithTech\Entities\OpenAvP2.LithTech.Entities.csproj", "{5E32D2C7-9FC6-5361-BE83-FC5A7B27FD8D}"
EndProject
Project("{9A19103F-16F7-4668-BE54-9A1E7A4F7556}") = "OpenAvP2.Core", "src\OpenAvP2\OpenAvP2.Core.csproj", "{0202F7A9-B8F6-5854-8CEE-BD64C7A296C8}"
EndProject
Project("{9A19103F-16F7-4668-BE54-9A1E7A4F7556}") = "OpenAvP2.Game", "src\Game\OpenAvP2.Game.csproj", "{8A9BF1AF-D8B8-53D5-AD5E-4DA5EC3399D7}"
EndProject
Project("{9A19103F-16F7-4668-BE54-9A1E7A4F7556}") = "OpenAvP2.Server", "src\Server\OpenAvP2.Server.csproj", "{F2B16157-77A1-5F81-AE0D-FE1501A5E462}"
EndProject
Project("{9A19103F-16F7-4668-BE54-9A1E7A4F7556}") = "reztool", "tools\reztool\reztool.csproj", "{2B30E8DF-D4CD-53BE-8AF5-7EFDCFFA0271}"
EndProject
Project("{9A19103F-16F7-4668-BE54-9A1E7A4F7556}") = "datdump", "tools\datdump\datdump.csproj", "{BC3754A5-60AD-5BBD-ADDB-697919A70EBD}"
EndProject
Project("{9A19103F-16F7-4668-BE54-9A1E7A4F7556}") = "dtxdump", "tools\dtxdump\dtxdump.csproj", "{455B893A-BE1C-52D5-A8C0-B68A1FCFE536}"
EndProject
Project("{9A19103F-16F7-4668-BE54-9A1E7A4F7556}") = "abcdump", "tools\abcdump\abcdump.csproj", "{B7B97DD3-8DF8-538C-A7FA-D4A152F592CB}"
EndProject
Project("{9A19103F-16F7-4668-BE54-9A1E7A4F7556}") = "OpenAvP2.Tests.Rez", "tests\Rez\OpenAvP2.Tests.Rez.csproj", "{535B0BD2-4C78-5E46-94C5-470CC6967BBB}"
EndProject
Project("{9A19103F-16F7-4668-BE54-9A1E7A4F7556}") = "OpenAvP2.Tests.Dat", "tests\Dat\OpenAvP2.Tests.Dat.csproj", "{D776F451-1BF1-5038-9662-7CC27B2E29AD}"
EndProject
Project("{9A19103F-16F7-4668-BE54-9A1E7A4F7556}") = "OpenAvP2.Tests.Dtx", "tests\Dtx\OpenAvP2.Tests.Dtx.csproj", "{72DB9126-90CE-5D1B-99E3-AFF5994F9F7F}"
EndProject
Project("{9A19103F-16F7-4668-BE54-9A1E7A4F7556}") = "OpenAvP2.Tests.Abc", "tests\Abc\OpenAvP2.Tests.Abc.csproj", "{24BBC6FB-5740-545A-AA9C-35D595B630CF}"
EndProject
Project("{9A19103F-16F7-4668-BE54-9A1E7A4F7556}") = "OpenAvP2.Tests.Compatibility", "tests\Compatibility\OpenAvP2.Tests.Compatibility.csproj", "{F80B7F71-D445-5B0A-A541-18CA5FB864EC}"
EndProject
Global
	GlobalSection(SolutionConfigurationPlatforms) = preSolution
		Debug|Any CPU = Debug|Any CPU
		Release|Any CPU = Release|Any CPU
	EndGlobalSection
	GlobalSection(ProjectConfigurationPlatforms) = postSolution
		{DE906183-99FE-532F-95CB-C59DF57A3E77}.Debug|Any CPU.ActiveCfg = Debug|Any CPU
		{DE906183-99FE-532F-95CB-C59DF57A3E77}.Debug|Any CPU.Build.0 = Debug|Any CPU
		{DE906183-99FE-532F-95CB-C59DF57A3E77}.Release|Any CPU.ActiveCfg = Release|Any CPU
		{DE906183-99FE-532F-95CB-C59DF57A3E77}.Release|Any CPU.Build.0 = Release|Any CPU
		{52661CCD-4BC0-5E17-BF1F-4734C18409EE}.Debug|Any CPU.ActiveCfg = Debug|Any CPU
		{52661CCD-4BC0-5E17-BF1F-4734C18409EE}.Debug|Any CPU.Build.0 = Debug|Any CPU
		{52661CCD-4BC0-5E17-BF1F-4734C18409EE}.Release|Any CPU.ActiveCfg = Release|Any CPU
		{52661CCD-4BC0-5E17-BF1F-4734C18409EE}.Release|Any CPU.Build.0 = Release|Any CPU
		{5F997ADF-E750-5E47-88E5-82BBC15D5118}.Debug|Any CPU.ActiveCfg = Debug|Any CPU
		{5F997ADF-E750-5E47-88E5-82BBC15D5118}.Debug|Any CPU.Build.0 = Debug|Any CPU
		{5F997ADF-E750-5E47-88E5-82BBC15D5118}.Release|Any CPU.ActiveCfg = Release|Any CPU
		{5F997ADF-E750-5E47-88E5-82BBC15D5118}.Release|Any CPU.Build.0 = Release|Any CPU
		{2BB17E80-AB9F-5749-8852-51508DCCA3AE}.Debug|Any CPU.ActiveCfg = Debug|Any CPU
		{2BB17E80-AB9F-5749-8852-51508DCCA3AE}.Debug|Any CPU.Build.0 = Debug|Any CPU
		{2BB17E80-AB9F-5749-8852-51508DCCA3AE}.Release|Any CPU.ActiveCfg = Release|Any CPU
		{2BB17E80-AB9F-5749-8852-51508DCCA3AE}.Release|Any CPU.Build.0 = Release|Any CPU
		{D0BEBD3B-585F-58EA-ADAA-D2C8EEDBCCFF}.Debug|Any CPU.ActiveCfg = Debug|Any CPU
		{D0BEBD3B-585F-58EA-ADAA-D2C8EEDBCCFF}.Debug|Any CPU.Build.0 = Debug|Any CPU
		{D0BEBD3B-585F-58EA-ADAA-D2C8EEDBCCFF}.Release|Any CPU.ActiveCfg = Release|Any CPU
		{D0BEBD3B-585F-58EA-ADAA-D2C8EEDBCCFF}.Release|Any CPU.Build.0 = Release|Any CPU
		{5E32D2C7-9FC6-5361-BE83-FC5A7B27FD8D}.Debug|Any CPU.ActiveCfg = Debug|Any CPU
		{5E32D2C7-9FC6-5361-BE83-FC5A7B27FD8D}.Debug|Any CPU.Build.0 = Debug|Any CPU
		{5E32D2C7-9FC6-5361-BE83-FC5A7B27FD8D}.Release|Any CPU.ActiveCfg = Release|Any CPU
		{5E32D2C7-9FC6-5361-BE83-FC5A7B27FD8D}.Release|Any CPU.Build.0 = Release|Any CPU
		{0202F7A9-B8F6-5854-8CEE-BD64C7A296C8}.Debug|Any CPU.ActiveCfg = Debug|Any CPU
		{0202F7A9-B8F6-5854-8CEE-BD64C7A296C8}.Debug|Any CPU.Build.0 = Debug|Any CPU
		{0202F7A9-B8F6-5854-8CEE-BD64C7A296C8}.Release|Any CPU.ActiveCfg = Release|Any CPU
		{0202F7A9-B8F6-5854-8CEE-BD64C7A296C8}.Release|Any CPU.Build.0 = Release|Any CPU
		{8A9BF1AF-D8B8-53D5-AD5E-4DA5EC3399D7}.Debug|Any CPU.ActiveCfg = Debug|Any CPU
		{8A9BF1AF-D8B8-53D5-AD5E-4DA5EC3399D7}.Debug|Any CPU.Build.0 = Debug|Any CPU
		{8A9BF1AF-D8B8-53D5-AD5E-4DA5EC3399D7}.Release|Any CPU.ActiveCfg = Release|Any CPU
		{8A9BF1AF-D8B8-53D5-AD5E-4DA5EC3399D7}.Release|Any CPU.Build.0 = Release|Any CPU
		{F2B16157-77A1-5F81-AE0D-FE1501A5E462}.Debug|Any CPU.ActiveCfg = Debug|Any CPU
		{F2B16157-77A1-5F81-AE0D-FE1501A5E462}.Debug|Any CPU.Build.0 = Debug|Any CPU
		{F2B16157-77A1-5F81-AE0D-FE1501A5E462}.Release|Any CPU.ActiveCfg = Release|Any CPU
		{F2B16157-77A1-5F81-AE0D-FE1501A5E462}.Release|Any CPU.Build.0 = Release|Any CPU
		{2B30E8DF-D4CD-53BE-8AF5-7EFDCFFA0271}.Debug|Any CPU.ActiveCfg = Debug|Any CPU
		{2B30E8DF-D4CD-53BE-8AF5-7EFDCFFA0271}.Debug|Any CPU.Build.0 = Debug|Any CPU
		{2B30E8DF-D4CD-53BE-8AF5-7EFDCFFA0271}.Release|Any CPU.ActiveCfg = Release|Any CPU
		{2B30E8DF-D4CD-53BE-8AF5-7EFDCFFA0271}.Release|Any CPU.Build.0 = Release|Any CPU
		{BC3754A5-60AD-5BBD-ADDB-697919A70EBD}.Debug|Any CPU.ActiveCfg = Debug|Any CPU
		{BC3754A5-60AD-5BBD-ADDB-697919A70EBD}.Debug|Any CPU.Build.0 = Debug|Any CPU
		{BC3754A5-60AD-5BBD-ADDB-697919A70EBD}.Release|Any CPU.ActiveCfg = Release|Any CPU
		{BC3754A5-60AD-5BBD-ADDB-697919A70EBD}.Release|Any CPU.Build.0 = Release|Any CPU
		{455B893A-BE1C-52D5-A8C0-B68A1FCFE536}.Debug|Any CPU.ActiveCfg = Debug|Any CPU
		{455B893A-BE1C-52D5-A8C0-B68A1FCFE536}.Debug|Any CPU.Build.0 = Debug|Any CPU
		{455B893A-BE1C-52D5-A8C0-B68A1FCFE536}.Release|Any CPU.ActiveCfg = Release|Any CPU
		{455B893A-BE1C-52D5-A8C0-B68A1FCFE536}.Release|Any CPU.Build.0 = Release|Any CPU
		{B7B97DD3-8DF8-538C-A7FA-D4A152F592CB}.Debug|Any CPU.ActiveCfg = Debug|Any CPU
		{B7B97DD3-8DF8-538C-A7FA-D4A152F592CB}.Debug|Any CPU.Build.0 = Debug|Any CPU
		{B7B97DD3-8DF8-538C-A7FA-D4A152F592CB}.Release|Any CPU.ActiveCfg = Release|Any CPU
		{B7B97DD3-8DF8-538C-A7FA-D4A152F592CB}.Release|Any CPU.Build.0 = Release|Any CPU
		{535B0BD2-4C78-5E46-94C5-470CC6967BBB}.Debug|Any CPU.ActiveCfg = Debug|Any CPU
		{535B0BD2-4C78-5E46-94C5-470CC6967BBB}.Debug|Any CPU.Build.0 = Debug|Any CPU
		{535B0BD2-4C78-5E46-94C5-470CC6967BBB}.Release|Any CPU.ActiveCfg = Release|Any CPU
		{535B0BD2-4C78-5E46-94C5-470CC6967BBB}.Release|Any CPU.Build.0 = Release|Any CPU
		{D776F451-1BF1-5038-9662-7CC27B2E29AD}.Debug|Any CPU.ActiveCfg = Debug|Any CPU
		{D776F451-1BF1-5038-9662-7CC27B2E29AD}.Debug|Any CPU.Build.0 = Debug|Any CPU
		{D776F451-1BF1-5038-9662-7CC27B2E29AD}.Release|Any CPU.ActiveCfg = Release|Any CPU
		{D776F451-1BF1-5038-9662-7CC27B2E29AD}.Release|Any CPU.Build.0 = Release|Any CPU
		{72DB9126-90CE-5D1B-99E3-AFF5994F9F7F}.Debug|Any CPU.ActiveCfg = Debug|Any CPU
		{72DB9126-90CE-5D1B-99E3-AFF5994F9F7F}.Debug|Any CPU.Build.0 = Debug|Any CPU
		{72DB9126-90CE-5D1B-99E3-AFF5994F9F7F}.Release|Any CPU.ActiveCfg = Release|Any CPU
		{72DB9126-90CE-5D1B-99E3-AFF5994F9F7F}.Release|Any CPU.Build.0 = Release|Any CPU
		{24BBC6FB-5740-545A-AA9C-35D595B630CF}.Debug|Any CPU.ActiveCfg = Debug|Any CPU
		{24BBC6FB-5740-545A-AA9C-35D595B630CF}.Debug|Any CPU.Build.0 = Debug|Any CPU
		{24BBC6FB-5740-545A-AA9C-35D595B630CF}.Release|Any CPU.ActiveCfg = Release|Any CPU
		{24BBC6FB-5740-545A-AA9C-35D595B630CF}.Release|Any CPU.Build.0 = Release|Any CPU
		{F80B7F71-D445-5B0A-A541-18CA5FB864EC}.Debug|Any CPU.ActiveCfg = Debug|Any CPU
		{F80B7F71-D445-5B0A-A541-18CA5FB864EC}.Debug|Any CPU.Build.0 = Debug|Any CPU
		{F80B7F71-D445-5B0A-A541-18CA5FB864EC}.Release|Any CPU.ActiveCfg = Release|Any CPU
		{F80B7F71-D445-5B0A-A541-18CA5FB864EC}.Release|Any CPU.Build.0 = Release|Any CPU
	EndGlobalSection
	GlobalSection(SolutionProperties) = preSolution
		HideSolutionNode = FALSE
	EndGlobalSection
EndGlobal
